
Microsoft Visual Studio Solution File, Format Version 12.00
Project("{FAE04EC0-301F-11D3-BF4B-00C04F79EFBC}") = "CrackHashWorker", "CrackHashWorker\CrackHashWorker.csproj", "{1A33EDE4-1823-4FC9-BD1D-E026DD6B5E6F}"
EndProject
Global
	GlobalSection(SolutionConfigurationPlatforms) = preSolution
		Debug|Any CPU = Debug|Any CPU
		Release|Any CPU = Release|Any CPU
	EndGlobalSection
	GlobalSection(ProjectConfigurationPlatforms) = postSolution
		{1A33EDE4-1823-4FC9-BD1D-E026DD6B5E6F}.Debug|Any CPU.ActiveCfg = Debug|Any CPU
		{1A33EDE4-1823-4FC9-BD1D-E026DD6B5E6F}.Debug|Any CPU.Build.0 = Debug|Any CPU
		{1A33EDE4-1823-4FC9-BD1D-E026DD6B5E6F}.Release|Any CPU.ActiveCfg = Release|Any CPU
		{1A33EDE4-1823-4FC9-BD1D-E026DD6B5E6F}.Release|Any CPU.Build.0 = Release|Any CPU
	EndGlobalSection
EndGlobal
